{
  "name": "base985161",
  "version": "0.1.0",
  "lockfileVersion": 3,
  "requires": true,
  "packages": {
    "": {
      "name": "base985161",
      "version": "0.1.0",
      "license": "MIT",
      "bin": {
        "base985161": "base985161.js"
      },
      "engines": {
        "node": ">=18"
      }
    }
  }
}
