{
  "name": "base985161",
  "version": "0.1.0",
  "lockfileVersion": 3,
  "requires": true,
  "packages": {
    "": {
      "name": "base985161",
      "version": "0.1.0",
      "license": "MIT",
      "dependencies": {
        "base985161": "^0.1.0"
      },
      "bin": {
        "base985161": "base985161.js"
      },
      "engines": {
        "node": ">=18"
      }
    },
    "node_modules/base985161": {
      "version": "0.1.0",
      "resolved": "https://registry.npmjs.org/base985161/-/base985161-0.1.0.tgz",
      "integrity": "sha512-f8LuPQNYooAbV++cGgUUtBSGKAkBZd1iGWCCT19gsFi9AiXjWrJvMwkf+sNeuz1vz1UDtJKrYU3CWc4kDmJ3fQ==",
      "license": "MIT",
      "bin": {
        "base985161": "base985161.js"
      },
      "engines": {
        "node": ">=18"
      }
    }
  }
}
